// !$*UTF8*$!
{
	archiveVersion = 1;
	classes = {
	};
	objectVersion = 56;
	objects = {

/* Begin PBXBuildFile section */
		2AD82DD584A1D908812A8341 /* Pods_ZaloChatApp.framework in Frameworks */ = {isa = PBXBuildFile; fileRef = 14002B1733CCB7736111DF3C /* Pods_ZaloChatApp.framework */; };
		B61C0468292E371F003F1846 /* PhotoViewController.swift in Sources */ = {isa = PBXBuildFile; fileRef = B61C0467292E371F003F1846 /* PhotoViewController.swift */; };
		B61C046A292E3728003F1846 /* LocationPickerViewController.swift in Sources */ = {isa = PBXBuildFile; fileRef = B61C0469292E3728003F1846 /* LocationPickerViewController.swift */; };
		B6B89FB22906EEBA009CD1D7 /* ScanQRCodeViewController.swift in Sources */ = {isa = PBXBuildFile; fileRef = B6B89FB12906EEB9009CD1D7 /* ScanQRCodeViewController.swift */; };
		C450041F28F5D26D001F37D7 /* RegisterViewController.swift in Sources */ = {isa = PBXBuildFile; fileRef = C450041E28F5D26D001F37D7 /* RegisterViewController.swift */; };
		C450042328F5D2F0001F37D7 /* LoginViewController.swift in Sources */ = {isa = PBXBuildFile; fileRef = C450042228F5D2F0001F37D7 /* LoginViewController.swift */; };
		C450042528F5D338001F37D7 /* Extensions.swift in Sources */ = {isa = PBXBuildFile; fileRef = C450042428F5D338001F37D7 /* Extensions.swift */; };
		C49B973828F6A6AD0002AF5C /* RegisterViewModel.swift in Sources */ = {isa = PBXBuildFile; fileRef = C49B973728F6A6AD0002AF5C /* RegisterViewModel.swift */; };
		C4F2A9D52902CDCC000D094F /* Storage.swift in Sources */ = {isa = PBXBuildFile; fileRef = C4F2A9D42902CDCC000D094F /* Storage.swift */; };
		E51B628628F6DD0800CECE92 /* HuyExtension.swift in Sources */ = {isa = PBXBuildFile; fileRef = E51B628528F6DD0800CECE92 /* HuyExtension.swift */; };
		E559280828E2EFF9006ADC72 /* AppDelegate.swift in Sources */ = {isa = PBXBuildFile; fileRef = E559280728E2EFF9006ADC72 /* AppDelegate.swift */; };
		E559280A28E2EFF9006ADC72 /* SceneDelegate.swift in Sources */ = {isa = PBXBuildFile; fileRef = E559280928E2EFF9006ADC72 /* SceneDelegate.swift */; };
		E559281128E2EFFA006ADC72 /* Assets.xcassets in Resources */ = {isa = PBXBuildFile; fileRef = E559281028E2EFFA006ADC72 /* Assets.xcassets */; };
		E559281428E2EFFA006ADC72 /* LaunchScreen.storyboard in Resources */ = {isa = PBXBuildFile; fileRef = E559281228E2EFFA006ADC72 /* LaunchScreen.storyboard */; };
		E559281C28E2F76B006ADC72 /* GoogleService-Info.plist in Resources */ = {isa = PBXBuildFile; fileRef = E559281B28E2F76B006ADC72 /* GoogleService-Info.plist */; };
		E559282528E2F826006ADC72 /* Database.swift in Sources */ = {isa = PBXBuildFile; fileRef = E559282428E2F826006ADC72 /* Database.swift */; };
		E559282728E2F840006ADC72 /* User.swift in Sources */ = {isa = PBXBuildFile; fileRef = E559282628E2F840006ADC72 /* User.swift */; };
		E559282928E2F88B006ADC72 /* ConversationsTableViewCell.swift in Sources */ = {isa = PBXBuildFile; fileRef = E559282828E2F88B006ADC72 /* ConversationsTableViewCell.swift */; };
		E559282B28E2F89F006ADC72 /* LoginViewModel.swift in Sources */ = {isa = PBXBuildFile; fileRef = E559282A28E2F89F006ADC72 /* LoginViewModel.swift */; };
		E5719D7028F6C39800AAF3E0 /* ConversationsViewController.swift in Sources */ = {isa = PBXBuildFile; fileRef = E5719D6F28F6C39800AAF3E0 /* ConversationsViewController.swift */; };
		E5719D7228F6C3C300AAF3E0 /* NewConversationViewController.swift in Sources */ = {isa = PBXBuildFile; fileRef = E5719D7128F6C3C300AAF3E0 /* NewConversationViewController.swift */; };
		E5719D7428F6C3ED00AAF3E0 /* ProfileViewController.swift in Sources */ = {isa = PBXBuildFile; fileRef = E5719D7328F6C3ED00AAF3E0 /* ProfileViewController.swift */; };
		E5719D7628F6C41200AAF3E0 /* ChatViewController.swift in Sources */ = {isa = PBXBuildFile; fileRef = E5719D7528F6C41200AAF3E0 /* ChatViewController.swift */; };
		E5719D7828F6C43F00AAF3E0 /* MainTabBarViewController.swift in Sources */ = {isa = PBXBuildFile; fileRef = E5719D7728F6C43F00AAF3E0 /* MainTabBarViewController.swift */; };
		E5856A3F28F6C58B00A6DE5A /* ContactsViewController.swift in Sources */ = {isa = PBXBuildFile; fileRef = E5856A3E28F6C58B00A6DE5A /* ContactsViewController.swift */; };
		E5856A4128F6C59F00A6DE5A /* TimelineViewController.swift in Sources */ = {isa = PBXBuildFile; fileRef = E5856A4028F6C59F00A6DE5A /* TimelineViewController.swift */; };
		E5856A4328F6D20000A6DE5A /* Login&RegisterViewController.swift in Sources */ = {isa = PBXBuildFile; fileRef = E5856A4228F6D20000A6DE5A /* Login&RegisterViewController.swift */; };
		E5856A4528F6D36300A6DE5A /* SwipingCollectionViewController.swift in Sources */ = {isa = PBXBuildFile; fileRef = E5856A4428F6D36300A6DE5A /* SwipingCollectionViewController.swift */; };
		E5856A4728F6D3E900A6DE5A /* PageViewCell.swift in Sources */ = {isa = PBXBuildFile; fileRef = E5856A4628F6D3E900A6DE5A /* PageViewCell.swift */; };
		E597F44D2922978E000F8B12 /* Message.swift in Sources */ = {isa = PBXBuildFile; fileRef = E597F44C2922978E000F8B12 /* Message.swift */; };
		E5E9C320291BC75D00B6E896 /* Conversation.swift in Sources */ = {isa = PBXBuildFile; fileRef = E5E9C31F291BC75D00B6E896 /* Conversation.swift */; };
/* End PBXBuildFile section */

/* Begin PBXFileReference section */
		11172BB7910D2998ECE386FA /* Pods-ZaloChatApp.debug.xcconfig */ = {isa = PBXFileReference; includeInIndex = 1; lastKnownFileType = text.xcconfig; name = "Pods-ZaloChatApp.debug.xcconfig"; path = "Target Support Files/Pods-ZaloChatApp/Pods-ZaloChatApp.debug.xcconfig"; sourceTree = "<group>"; };
		14002B1733CCB7736111DF3C /* Pods_ZaloChatApp.framework */ = {isa = PBXFileReference; explicitFileType = wrapper.framework; includeInIndex = 0; path = Pods_ZaloChatApp.framework; sourceTree = BUILT_PRODUCTS_DIR; };
		4B167E43E163FD2DFB2AEE00 /* Pods-ZaloChatApp.release.xcconfig */ = {isa = PBXFileReference; includeInIndex = 1; lastKnownFileType = text.xcconfig; name = "Pods-ZaloChatApp.release.xcconfig"; path = "Target Support Files/Pods-ZaloChatApp/Pods-ZaloChatApp.release.xcconfig"; sourceTree = "<group>"; };
		B61C0467292E371F003F1846 /* PhotoViewController.swift */ = {isa = PBXFileReference; fileEncoding = 4; lastKnownFileType = sourcecode.swift; path = PhotoViewController.swift; sourceTree = "<group>"; };
		B61C0469292E3728003F1846 /* LocationPickerViewController.swift */ = {isa = PBXFileReference; fileEncoding = 4; lastKnownFileType = sourcecode.swift; path = LocationPickerViewController.swift; sourceTree = "<group>"; };
		B6B89FB12906EEB9009CD1D7 /* ScanQRCodeViewController.swift */ = {isa = PBXFileReference; fileEncoding = 4; lastKnownFileType = sourcecode.swift; path = ScanQRCodeViewController.swift; sourceTree = "<group>"; };
		C450041E28F5D26D001F37D7 /* RegisterViewController.swift */ = {isa = PBXFileReference; lastKnownFileType = sourcecode.swift; path = RegisterViewController.swift; sourceTree = "<group>"; };
		C450042228F5D2F0001F37D7 /* LoginViewController.swift */ = {isa = PBXFileReference; lastKnownFileType = sourcecode.swift; path = LoginViewController.swift; sourceTree = "<group>"; };
		C450042428F5D338001F37D7 /* Extensions.swift */ = {isa = PBXFileReference; lastKnownFileType = sourcecode.swift; path = Extensions.swift; sourceTree = "<group>"; };
		C49B973728F6A6AD0002AF5C /* RegisterViewModel.swift */ = {isa = PBXFileReference; lastKnownFileType = sourcecode.swift; path = RegisterViewModel.swift; sourceTree = "<group>"; };
		C4F2A9D42902CDCC000D094F /* Storage.swift */ = {isa = PBXFileReference; lastKnownFileType = sourcecode.swift; path = Storage.swift; sourceTree = "<group>"; };
		E51B628528F6DD0800CECE92 /* HuyExtension.swift */ = {isa = PBXFileReference; lastKnownFileType = sourcecode.swift; path = HuyExtension.swift; sourceTree = "<group>"; };
		E559280428E2EFF9006ADC72 /* ZaloChatApp.app */ = {isa = PBXFileReference; explicitFileType = wrapper.application; includeInIndex = 0; path = ZaloChatApp.app; sourceTree = BUILT_PRODUCTS_DIR; };
		E559280728E2EFF9006ADC72 /* AppDelegate.swift */ = {isa = PBXFileReference; lastKnownFileType = sourcecode.swift; path = AppDelegate.swift; sourceTree = "<group>"; };
		E559280928E2EFF9006ADC72 /* SceneDelegate.swift */ = {isa = PBXFileReference; lastKnownFileType = sourcecode.swift; path = SceneDelegate.swift; sourceTree = "<group>"; };
		E559281028E2EFFA006ADC72 /* Assets.xcassets */ = {isa = PBXFileReference; lastKnownFileType = folder.assetcatalog; path = Assets.xcassets; sourceTree = "<group>"; };
		E559281328E2EFFA006ADC72 /* Base */ = {isa = PBXFileReference; lastKnownFileType = file.storyboard; name = Base; path = Base.lproj/LaunchScreen.storyboard; sourceTree = "<group>"; };
		E559281528E2EFFA006ADC72 /* Info.plist */ = {isa = PBXFileReference; lastKnownFileType = text.plist.xml; path = Info.plist; sourceTree = "<group>"; };
		E559281B28E2F76B006ADC72 /* GoogleService-Info.plist */ = {isa = PBXFileReference; fileEncoding = 4; lastKnownFileType = text.plist.xml; path = "GoogleService-Info.plist"; sourceTree = "<group>"; };
		E559282428E2F826006ADC72 /* Database.swift */ = {isa = PBXFileReference; lastKnownFileType = sourcecode.swift; path = Database.swift; sourceTree = "<group>"; };
		E559282628E2F840006ADC72 /* User.swift */ = {isa = PBXFileReference; lastKnownFileType = sourcecode.swift; path = User.swift; sourceTree = "<group>"; };
		E559282828E2F88B006ADC72 /* ConversationsTableViewCell.swift */ = {isa = PBXFileReference; lastKnownFileType = sourcecode.swift; path = ConversationsTableViewCell.swift; sourceTree = "<group>"; };
		E559282A28E2F89F006ADC72 /* LoginViewModel.swift */ = {isa = PBXFileReference; lastKnownFileType = sourcecode.swift; path = LoginViewModel.swift; sourceTree = "<group>"; };
		E5719D6F28F6C39800AAF3E0 /* ConversationsViewController.swift */ = {isa = PBXFileReference; lastKnownFileType = sourcecode.swift; path = ConversationsViewController.swift; sourceTree = "<group>"; };
		E5719D7128F6C3C300AAF3E0 /* NewConversationViewController.swift */ = {isa = PBXFileReference; lastKnownFileType = sourcecode.swift; path = NewConversationViewController.swift; sourceTree = "<group>"; };
		E5719D7328F6C3ED00AAF3E0 /* ProfileViewController.swift */ = {isa = PBXFileReference; lastKnownFileType = sourcecode.swift; path = ProfileViewController.swift; sourceTree = "<group>"; };
		E5719D7528F6C41200AAF3E0 /* ChatViewController.swift */ = {isa = PBXFileReference; lastKnownFileType = sourcecode.swift; path = ChatViewController.swift; sourceTree = "<group>"; };
		E5719D7728F6C43F00AAF3E0 /* MainTabBarViewController.swift */ = {isa = PBXFileReference; lastKnownFileType = sourcecode.swift; path = MainTabBarViewController.swift; sourceTree = "<group>"; };
		E5856A3E28F6C58B00A6DE5A /* ContactsViewController.swift */ = {isa = PBXFileReference; lastKnownFileType = sourcecode.swift; path = ContactsViewController.swift; sourceTree = "<group>"; };
		E5856A4028F6C59F00A6DE5A /* TimelineViewController.swift */ = {isa = PBXFileReference; lastKnownFileType = sourcecode.swift; path = TimelineViewController.swift; sourceTree = "<group>"; };
		E5856A4228F6D20000A6DE5A /* Login&RegisterViewController.swift */ = {isa = PBXFileReference; lastKnownFileType = sourcecode.swift; path = "Login&RegisterViewController.swift"; sourceTree = "<group>"; };
		E5856A4428F6D36300A6DE5A /* SwipingCollectionViewController.swift */ = {isa = PBXFileReference; lastKnownFileType = sourcecode.swift; path = SwipingCollectionViewController.swift; sourceTree = "<group>"; };
		E5856A4628F6D3E900A6DE5A /* PageViewCell.swift */ = {isa = PBXFileReference; fileEncoding = 4; lastKnownFileType = sourcecode.swift; path = PageViewCell.swift; sourceTree = "<group>"; };
		E597F44C2922978E000F8B12 /* Message.swift */ = {isa = PBXFileReference; lastKnownFileType = sourcecode.swift; path = Message.swift; sourceTree = "<group>"; };
		E5E9C31F291BC75D00B6E896 /* Conversation.swift */ = {isa = PBXFileReference; lastKnownFileType = sourcecode.swift; path = Conversation.swift; sourceTree = "<group>"; };
/* End PBXFileReference section */

/* Begin PBXFrameworksBuildPhase section */
		E559280128E2EFF9006ADC72 /* Frameworks */ = {
			isa = PBXFrameworksBuildPhase;
			buildActionMask = 2147483647;
			files = (
				2AD82DD584A1D908812A8341 /* Pods_ZaloChatApp.framework in Frameworks */,
			);
			runOnlyForDeploymentPostprocessing = 0;
		};
/* End PBXFrameworksBuildPhase section */

/* Begin PBXGroup section */
		1612F16DBAE44F0479367FD5 /* Frameworks */ = {
			isa = PBXGroup;
			children = (
				14002B1733CCB7736111DF3C /* Pods_ZaloChatApp.framework */,
			);
			name = Frameworks;
			sourceTree = "<group>";
		};
		BE45284E217F907016A29121 /* Pods */ = {
			isa = PBXGroup;
			children = (
				11172BB7910D2998ECE386FA /* Pods-ZaloChatApp.debug.xcconfig */,
				4B167E43E163FD2DFB2AEE00 /* Pods-ZaloChatApp.release.xcconfig */,
			);
			path = Pods;
			sourceTree = "<group>";
		};
		C450042128F5D2DF001F37D7 /* Login&Register */ = {
			isa = PBXGroup;
			children = (
				C450041E28F5D26D001F37D7 /* RegisterViewController.swift */,
				C450042228F5D2F0001F37D7 /* LoginViewController.swift */,
				E5856A4228F6D20000A6DE5A /* Login&RegisterViewController.swift */,
				E5856A4428F6D36300A6DE5A /* SwipingCollectionViewController.swift */,
			);
			path = "Login&Register";
			sourceTree = "<group>";
		};
		E55927FB28E2EFF9006ADC72 = {
			isa = PBXGroup;
			children = (
				E559280628E2EFF9006ADC72 /* ZaloChatApp */,
				E559280528E2EFF9006ADC72 /* Products */,
				BE45284E217F907016A29121 /* Pods */,
				1612F16DBAE44F0479367FD5 /* Frameworks */,
			);
			sourceTree = "<group>";
		};
		E559280528E2EFF9006ADC72 /* Products */ = {
			isa = PBXGroup;
			children = (
				E559280428E2EFF9006ADC72 /* ZaloChatApp.app */,
			);
			name = Products;
			sourceTree = "<group>";
		};
		E559280628E2EFF9006ADC72 /* ZaloChatApp */ = {
			isa = PBXGroup;
			children = (
				E559282328E2F7F3006ADC72 /* Models */,
				E559282228E2F7ED006ADC72 /* Views */,
				E559282128E2F7DD006ADC72 /* ViewModels */,
				E559282028E2F7D6006ADC72 /* Controllers */,
				E559281F28E2F7CF006ADC72 /* Managers */,
				E559281D28E2F7C0006ADC72 /* Resources */,
				E559281B28E2F76B006ADC72 /* GoogleService-Info.plist */,
				E559281528E2EFFA006ADC72 /* Info.plist */,
			);
			path = ZaloChatApp;
			sourceTree = "<group>";
		};
		E559281D28E2F7C0006ADC72 /* Resources */ = {
			isa = PBXGroup;
			children = (
				E559280728E2EFF9006ADC72 /* AppDelegate.swift */,
				E559280928E2EFF9006ADC72 /* SceneDelegate.swift */,
				E559281028E2EFFA006ADC72 /* Assets.xcassets */,
				C450042428F5D338001F37D7 /* Extensions.swift */,
				E51B628528F6DD0800CECE92 /* HuyExtension.swift */,
			);
			path = Resources;
			sourceTree = "<group>";
		};
		E559281F28E2F7CF006ADC72 /* Managers */ = {
			isa = PBXGroup;
			children = (
				E559282428E2F826006ADC72 /* Database.swift */,
				C4F2A9D42902CDCC000D094F /* Storage.swift */,
			);
			path = Managers;
			sourceTree = "<group>";
		};
		E559282028E2F7D6006ADC72 /* Controllers */ = {
			isa = PBXGroup;
			children = (
				E5719D7728F6C43F00AAF3E0 /* MainTabBarViewController.swift */,
				C450042128F5D2DF001F37D7 /* Login&Register */,
				E5719D6F28F6C39800AAF3E0 /* ConversationsViewController.swift */,
				E5719D7128F6C3C300AAF3E0 /* NewConversationViewController.swift */,
				E5719D7328F6C3ED00AAF3E0 /* ProfileViewController.swift */,
				E5719D7528F6C41200AAF3E0 /* ChatViewController.swift */,
				B61C0467292E371F003F1846 /* PhotoViewController.swift */,
				B61C0469292E3728003F1846 /* LocationPickerViewController.swift */,
				E5856A3E28F6C58B00A6DE5A /* ContactsViewController.swift */,
				E5856A4028F6C59F00A6DE5A /* TimelineViewController.swift */,
				B6B89FB12906EEB9009CD1D7 /* ScanQRCodeViewController.swift */,
			);
			path = Controllers;
			sourceTree = "<group>";
		};
		E559282128E2F7DD006ADC72 /* ViewModels */ = {
			isa = PBXGroup;
			children = (
				E559282A28E2F89F006ADC72 /* LoginViewModel.swift */,
				C49B973728F6A6AD0002AF5C /* RegisterViewModel.swift */,
			);
			path = ViewModels;
			sourceTree = "<group>";
		};
		E559282228E2F7ED006ADC72 /* Views */ = {
			isa = PBXGroup;
			children = (
				E559281228E2EFFA006ADC72 /* LaunchScreen.storyboard */,
				E559282828E2F88B006ADC72 /* ConversationsTableViewCell.swift */,
				E5856A4628F6D3E900A6DE5A /* PageViewCell.swift */,
			);
			path = Views;
			sourceTree = "<group>";
		};
		E559282328E2F7F3006ADC72 /* Models */ = {
			isa = PBXGroup;
			children = (
				E559282628E2F840006ADC72 /* User.swift */,
				E5E9C31F291BC75D00B6E896 /* Conversation.swift */,
				E597F44C2922978E000F8B12 /* Message.swift */,
			);
			path = Models;
			sourceTree = "<group>";
		};
/* End PBXGroup section */

/* Begin PBXNativeTarget section */
		E559280328E2EFF9006ADC72 /* ZaloChatApp */ = {
			isa = PBXNativeTarget;
			buildConfigurationList = E559281828E2EFFA006ADC72 /* Build configuration list for PBXNativeTarget "ZaloChatApp" */;
			buildPhases = (
				964A5DE4D49E5D0ED8DF117C /* [CP] Check Pods Manifest.lock */,
				E559280028E2EFF9006ADC72 /* Sources */,
				E559280128E2EFF9006ADC72 /* Frameworks */,
				E559280228E2EFF9006ADC72 /* Resources */,
				0CAE973F7C879142AFE03D05 /* [CP] Embed Pods Frameworks */,
			);
			buildRules = (
			);
			dependencies = (
			);
			name = ZaloChatApp;
			productName = ZaloChatApp;
			productReference = E559280428E2EFF9006ADC72 /* ZaloChatApp.app */;
			productType = "com.apple.product-type.application";
		};
/* End PBXNativeTarget section */

/* Begin PBXProject section */
		E55927FC28E2EFF9006ADC72 /* Project object */ = {
			isa = PBXProject;
			attributes = {
				BuildIndependentTargetsInParallel = 1;
				LastSwiftUpdateCheck = 1400;
				LastUpgradeCheck = 1400;
				TargetAttributes = {
					E559280328E2EFF9006ADC72 = {
						CreatedOnToolsVersion = 14.0;
					};
				};
			};
			buildConfigurationList = E55927FF28E2EFF9006ADC72 /* Build configuration list for PBXProject "ZaloChatApp" */;
			compatibilityVersion = "Xcode 14.0";
			developmentRegion = en;
			hasScannedForEncodings = 0;
			knownRegions = (
				en,
				Base,
			);
			mainGroup = E55927FB28E2EFF9006ADC72;
			productRefGroup = E559280528E2EFF9006ADC72 /* Products */;
			projectDirPath = "";
			projectRoot = "";
			targets = (
				E559280328E2EFF9006ADC72 /* ZaloChatApp */,
			);
		};
/* End PBXProject section */

/* Begin PBXResourcesBuildPhase section */
		E559280228E2EFF9006ADC72 /* Resources */ = {
			isa = PBXResourcesBuildPhase;
			buildActionMask = 2147483647;
			files = (
				E559281428E2EFFA006ADC72 /* LaunchScreen.storyboard in Resources */,
				E559281C28E2F76B006ADC72 /* GoogleService-Info.plist in Resources */,
				E559281128E2EFFA006ADC72 /* Assets.xcassets in Resources */,
			);
			runOnlyForDeploymentPostprocessing = 0;
		};
/* End PBXResourcesBuildPhase section */

/* Begin PBXShellScriptBuildPhase section */
		0CAE973F7C879142AFE03D05 /* [CP] Embed Pods Frameworks */ = {
			isa = PBXShellScriptBuildPhase;
			buildActionMask = 2147483647;
			files = (
			);
			inputFileListPaths = (
				"${PODS_ROOT}/Target Support Files/Pods-ZaloChatApp/Pods-ZaloChatApp-frameworks-${CONFIGURATION}-input-files.xcfilelist",
			);
			name = "[CP] Embed Pods Frameworks";
			outputFileListPaths = (
				"${PODS_ROOT}/Target Support Files/Pods-ZaloChatApp/Pods-ZaloChatApp-frameworks-${CONFIGURATION}-output-files.xcfilelist",
			);
			runOnlyForDeploymentPostprocessing = 0;
			shellPath = /bin/sh;
			shellScript = "\"${PODS_ROOT}/Target Support Files/Pods-ZaloChatApp/Pods-ZaloChatApp-frameworks.sh\"\n";
			showEnvVarsInLog = 0;
		};
		964A5DE4D49E5D0ED8DF117C /* [CP] Check Pods Manifest.lock */ = {
			isa = PBXShellScriptBuildPhase;
			buildActionMask = 2147483647;
			files = (
			);
			inputFileListPaths = (
			);
			inputPaths = (
				"${PODS_PODFILE_DIR_PATH}/Podfile.lock",
				"${PODS_ROOT}/Manifest.lock",
			);
			name = "[CP] Check Pods Manifest.lock";
			outputFileListPaths = (
			);
			outputPaths = (
				"$(DERIVED_FILE_DIR)/Pods-ZaloChatApp-checkManifestLockResult.txt",
			);
			runOnlyForDeploymentPostprocessing = 0;
			shellPath = /bin/sh;
			shellScript = "diff \"${PODS_PODFILE_DIR_PATH}/Podfile.lock\" \"${PODS_ROOT}/Manifest.lock\" > /dev/null\nif [ $? != 0 ] ; then\n    # print error to STDERR\n    echo \"error: The sandbox is not in sync with the Podfile.lock. Run 'pod install' or update your CocoaPods installation.\" >&2\n    exit 1\nfi\n# This output is used by Xcode 'outputs' to avoid re-running this script phase.\necho \"SUCCESS\" > \"${SCRIPT_OUTPUT_FILE_0}\"\n";
			showEnvVarsInLog = 0;
		};
/* End PBXShellScriptBuildPhase section */

/* Begin PBXSourcesBuildPhase section */
		E559280028E2EFF9006ADC72 /* Sources */ = {
			isa = PBXSourcesBuildPhase;
			buildActionMask = 2147483647;
			files = (
				C450042328F5D2F0001F37D7 /* LoginViewController.swift in Sources */,
				E559282928E2F88B006ADC72 /* ConversationsTableViewCell.swift in Sources */,
				E5719D7228F6C3C300AAF3E0 /* NewConversationViewController.swift in Sources */,
				E5719D7428F6C3ED00AAF3E0 /* ProfileViewController.swift in Sources */,
				E51B628628F6DD0800CECE92 /* HuyExtension.swift in Sources */,
				E5719D7028F6C39800AAF3E0 /* ConversationsViewController.swift in Sources */,
				E5856A4728F6D3E900A6DE5A /* PageViewCell.swift in Sources */,
				E5856A3F28F6C58B00A6DE5A /* ContactsViewController.swift in Sources */,
				E597F44D2922978E000F8B12 /* Message.swift in Sources */,
				E559280828E2EFF9006ADC72 /* AppDelegate.swift in Sources */,
				B61C046A292E3728003F1846 /* LocationPickerViewController.swift in Sources */,
				C49B973828F6A6AD0002AF5C /* RegisterViewModel.swift in Sources */,
				C450041F28F5D26D001F37D7 /* RegisterViewController.swift in Sources */,
				B6B89FB22906EEBA009CD1D7 /* ScanQRCodeViewController.swift in Sources */,
				E5719D7828F6C43F00AAF3E0 /* MainTabBarViewController.swift in Sources */,
				E5E9C320291BC75D00B6E896 /* Conversation.swift in Sources */,
				E5856A4328F6D20000A6DE5A /* Login&RegisterViewController.swift in Sources */,
				C450042528F5D338001F37D7 /* Extensions.swift in Sources */,
				E5856A4128F6C59F00A6DE5A /* TimelineViewController.swift in Sources */,
				C4F2A9D52902CDCC000D094F /* Storage.swift in Sources */,
				E559282528E2F826006ADC72 /* Database.swift in Sources */,
				E559282728E2F840006ADC72 /* User.swift in Sources */,
				E559280A28E2EFF9006ADC72 /* SceneDelegate.swift in Sources */,
				E5719D7628F6C41200AAF3E0 /* ChatViewController.swift in Sources */,
				E559282B28E2F89F006ADC72 /* LoginViewModel.swift in Sources */,
				E5856A4528F6D36300A6DE5A /* SwipingCollectionViewController.swift in Sources */,
				B61C0468292E371F003F1846 /* PhotoViewController.swift in Sources */,
			);
			runOnlyForDeploymentPostprocessing = 0;
		};
/* End PBXSourcesBuildPhase section */

/* Begin PBXVariantGroup section */
		E559281228E2EFFA006ADC72 /* LaunchScreen.storyboard */ = {
			isa = PBXVariantGroup;
			children = (
				E559281328E2EFFA006ADC72 /* Base */,
			);
			name = LaunchScreen.storyboard;
			sourceTree = "<group>";
		};
/* End PBXVariantGroup section */

/* Begin XCBuildConfiguration section */
		E559281628E2EFFA006ADC72 /* Debug */ = {
			isa = XCBuildConfiguration;
			buildSettings = {
				ALWAYS_SEARCH_USER_PATHS = NO;
				CLANG_ANALYZER_NONNULL = YES;
				CLANG_ANALYZER_NUMBER_OBJECT_CONVERSION = YES_AGGRESSIVE;
				CLANG_CXX_LANGUAGE_STANDARD = "gnu++20";
				CLANG_ENABLE_MODULES = YES;
				CLANG_ENABLE_OBJC_ARC = YES;
				CLANG_ENABLE_OBJC_WEAK = YES;
				CLANG_WARN_BLOCK_CAPTURE_AUTORELEASING = YES;
				CLANG_WARN_BOOL_CONVERSION = YES;
				CLANG_WARN_COMMA = YES;
				CLANG_WARN_CONSTANT_CONVERSION = YES;
				CLANG_WARN_DEPRECATED_OBJC_IMPLEMENTATIONS = YES;
				CLANG_WARN_DIRECT_OBJC_ISA_USAGE = YES_ERROR;
				CLANG_WARN_DOCUMENTATION_COMMENTS = YES;
				CLANG_WARN_EMPTY_BODY = YES;
				CLANG_WARN_ENUM_CONVERSION = YES;
				CLANG_WARN_INFINITE_RECURSION = YES;
				CLANG_WARN_INT_CONVERSION = YES;
				CLANG_WARN_NON_LITERAL_NULL_CONVERSION = YES;
				CLANG_WARN_OBJC_IMPLICIT_RETAIN_SELF = YES;
				CLANG_WARN_OBJC_LITERAL_CONVERSION = YES;
				CLANG_WARN_OBJC_ROOT_CLASS = YES_ERROR;
				CLANG_WARN_QUOTED_INCLUDE_IN_FRAMEWORK_HEADER = YES;
				CLANG_WARN_RANGE_LOOP_ANALYSIS = YES;
				CLANG_WARN_STRICT_PROTOTYPES = YES;
				CLANG_WARN_SUSPICIOUS_MOVE = YES;
				CLANG_WARN_UNGUARDED_AVAILABILITY = YES_AGGRESSIVE;
				CLANG_WARN_UNREACHABLE_CODE = YES;
				CLANG_WARN__DUPLICATE_METHOD_MATCH = YES;
				COPY_PHASE_STRIP = NO;
				DEBUG_INFORMATION_FORMAT = dwarf;
				ENABLE_STRICT_OBJC_MSGSEND = YES;
				ENABLE_TESTABILITY = YES;
				GCC_C_LANGUAGE_STANDARD = gnu11;
				GCC_DYNAMIC_NO_PIC = NO;
				GCC_NO_COMMON_BLOCKS = YES;
				GCC_OPTIMIZATION_LEVEL = 0;
				GCC_PREPROCESSOR_DEFINITIONS = (
					"DEBUG=1",
					"$(inherited)",
				);
				GCC_WARN_64_TO_32_BIT_CONVERSION = YES;
				GCC_WARN_ABOUT_RETURN_TYPE = YES_ERROR;
				GCC_WARN_UNDECLARED_SELECTOR = YES;
				GCC_WARN_UNINITIALIZED_AUTOS = YES_AGGRESSIVE;
				GCC_WARN_UNUSED_FUNCTION = YES;
				GCC_WARN_UNUSED_VARIABLE = YES;
				IPHONEOS_DEPLOYMENT_TARGET = 16.0;
				MTL_ENABLE_DEBUG_INFO = INCLUDE_SOURCE;
				MTL_FAST_MATH = YES;
				ONLY_ACTIVE_ARCH = YES;
				SDKROOT = iphoneos;
				SWIFT_ACTIVE_COMPILATION_CONDITIONS = DEBUG;
				SWIFT_OPTIMIZATION_LEVEL = "-Onone";
			};
			name = Debug;
		};
		E559281728E2EFFA006ADC72 /* Release */ = {
			isa = XCBuildConfiguration;
			buildSettings = {
				ALWAYS_SEARCH_USER_PATHS = NO;
				CLANG_ANALYZER_NONNULL = YES;
				CLANG_ANALYZER_NUMBER_OBJECT_CONVERSION = YES_AGGRESSIVE;
				CLANG_CXX_LANGUAGE_STANDARD = "gnu++20";
				CLANG_ENABLE_MODULES = YES;
				CLANG_ENABLE_OBJC_ARC = YES;
				CLANG_ENABLE_OBJC_WEAK = YES;
				CLANG_WARN_BLOCK_CAPTURE_AUTORELEASING = YES;
				CLANG_WARN_BOOL_CONVERSION = YES;
				CLANG_WARN_COMMA = YES;
				CLANG_WARN_CONSTANT_CONVERSION = YES;
				CLANG_WARN_DEPRECATED_OBJC_IMPLEMENTATIONS = YES;
				CLANG_WARN_DIRECT_OBJC_ISA_USAGE = YES_ERROR;
				CLANG_WARN_DOCUMENTATION_COMMENTS = YES;
				CLANG_WARN_EMPTY_BODY = YES;
				CLANG_WARN_ENUM_CONVERSION = YES;
				CLANG_WARN_INFINITE_RECURSION = YES;
				CLANG_WARN_INT_CONVERSION = YES;
				CLANG_WARN_NON_LITERAL_NULL_CONVERSION = YES;
				CLANG_WARN_OBJC_IMPLICIT_RETAIN_SELF = YES;
				CLANG_WARN_OBJC_LITERAL_CONVERSION = YES;
				CLANG_WARN_OBJC_ROOT_CLASS = YES_ERROR;
				CLANG_WARN_QUOTED_INCLUDE_IN_FRAMEWORK_HEADER = YES;
				CLANG_WARN_RANGE_LOOP_ANALYSIS = YES;
				CLANG_WARN_STRICT_PROTOTYPES = YES;
				CLANG_WARN_SUSPICIOUS_MOVE = YES;
				CLANG_WARN_UNGUARDED_AVAILABILITY = YES_AGGRESSIVE;
				CLANG_WARN_UNREACHABLE_CODE = YES;
				CLANG_WARN__DUPLICATE_METHOD_MATCH = YES;
				COPY_PHASE_STRIP = NO;
				DEBUG_INFORMATION_FORMAT = "dwarf-with-dsym";
				ENABLE_NS_ASSERTIONS = NO;
				ENABLE_STRICT_OBJC_MSGSEND = YES;
				GCC_C_LANGUAGE_STANDARD = gnu11;
				GCC_NO_COMMON_BLOCKS = YES;
				GCC_WARN_64_TO_32_BIT_CONVERSION = YES;
				GCC_WARN_ABOUT_RETURN_TYPE = YES_ERROR;
				GCC_WARN_UNDECLARED_SELECTOR = YES;
				GCC_WARN_UNINITIALIZED_AUTOS = YES_AGGRESSIVE;
				GCC_WARN_UNUSED_FUNCTION = YES;
				GCC_WARN_UNUSED_VARIABLE = YES;
				IPHONEOS_DEPLOYMENT_TARGET = 16.0;
				MTL_ENABLE_DEBUG_INFO = NO;
				MTL_FAST_MATH = YES;
				SDKROOT = iphoneos;
				SWIFT_COMPILATION_MODE = wholemodule;
				SWIFT_OPTIMIZATION_LEVEL = "-O";
				VALIDATE_PRODUCT = YES;
			};
			name = Release;
		};
		E559281928E2EFFA006ADC72 /* Debug */ = {
			isa = XCBuildConfiguration;
			baseConfigurationReference = 11172BB7910D2998ECE386FA /* Pods-ZaloChatApp.debug.xcconfig */;
			buildSettings = {
				ASSETCATALOG_COMPILER_APPICON_NAME = AppIcon;
				ASSETCATALOG_COMPILER_GLOBAL_ACCENT_COLOR_NAME = AccentColor;
				CODE_SIGN_STYLE = Automatic;
				CURRENT_PROJECT_VERSION = 1;
				DEVELOPMENT_TEAM = 6YPTSWJK4P;
				GENERATE_INFOPLIST_FILE = YES;
				INFOPLIST_FILE = ZaloChatApp/Info.plist;
				INFOPLIST_KEY_UIApplicationSupportsIndirectInputEvents = YES;
				INFOPLIST_KEY_UILaunchStoryboardName = LaunchScreen;
				INFOPLIST_KEY_UISupportedInterfaceOrientations_iPad = "UIInterfaceOrientationPortrait UIInterfaceOrientationPortraitUpsideDown UIInterfaceOrientationLandscapeLeft UIInterfaceOrientationLandscapeRight";
				INFOPLIST_KEY_UISupportedInterfaceOrientations_iPhone = "UIInterfaceOrientationPortrait UIInterfaceOrientationLandscapeLeft UIInterfaceOrientationLandscapeRight";
				LD_RUNPATH_SEARCH_PATHS = (
					"$(inherited)",
					"@executable_path/Frameworks",
				);
				MARKETING_VERSION = 1.0;
				PRODUCT_BUNDLE_IDENTIFIER = personal.ZaloChatApp;
				PRODUCT_NAME = "$(TARGET_NAME)";
				SWIFT_EMIT_LOC_STRINGS = YES;
				SWIFT_VERSION = 5.0;
				TARGETED_DEVICE_FAMILY = "1,2";
			};
			name = Debug;
		};
		E559281A28E2EFFA006ADC72 /* Release */ = {
			isa = XCBuildConfiguration;
			baseConfigurationReference = 4B167E43E163FD2DFB2AEE00 /* Pods-ZaloChatApp.release.xcconfig */;
			buildSettings = {
				ASSETCATALOG_COMPILER_APPICON_NAME = AppIcon;
				ASSETCATALOG_COMPILER_GLOBAL_ACCENT_COLOR_NAME = AccentColor;
				CODE_SIGN_STYLE = Automatic;
				CURRENT_PROJECT_VERSION = 1;
				DEVELOPMENT_TEAM = 6YPTSWJK4P;
				GENERATE_INFOPLIST_FILE = YES;
				INFOPLIST_FILE = ZaloChatApp/Info.plist;
				INFOPLIST_KEY_UIApplicationSupportsIndirectInputEvents = YES;
				INFOPLIST_KEY_UILaunchStoryboardName = LaunchScreen;
				INFOPLIST_KEY_UISupportedInterfaceOrientations_iPad = "UIInterfaceOrientationPortrait UIInterfaceOrientationPortraitUpsideDown UIInterfaceOrientationLandscapeLeft UIInterfaceOrientationLandscapeRight";
				INFOPLIST_KEY_UISupportedInterfaceOrientations_iPhone = "UIInterfaceOrientationPortrait UIInterfaceOrientationLandscapeLeft UIInterfaceOrientationLandscapeRight";
				LD_RUNPATH_SEARCH_PATHS = (
					"$(inherited)",
					"@executable_path/Frameworks",
				);
				MARKETING_VERSION = 1.0;
				PRODUCT_BUNDLE_IDENTIFIER = personal.ZaloChatApp;
				PRODUCT_NAME = "$(TARGET_NAME)";
				SWIFT_EMIT_LOC_STRINGS = YES;
				SWIFT_VERSION = 5.0;
				TARGETED_DEVICE_FAMILY = "1,2";
			};
			name = Release;
		};
/* End XCBuildConfiguration section */

/* Begin XCConfigurationList section */
		E55927FF28E2EFF9006ADC72 /* Build configuration list for PBXProject "ZaloChatApp" */ = {
			isa = XCConfigurationList;
			buildConfigurations = (
				E559281628E2EFFA006ADC72 /* Debug */,
				E559281728E2EFFA006ADC72 /* Release */,
			);
			defaultConfigurationIsVisible = 0;
			defaultConfigurationName = Release;
		};
		E559281828E2EFFA006ADC72 /* Build configuration list for PBXNativeTarget "ZaloChatApp" */ = {
			isa = XCConfigurationList;
			buildConfigurations = (
				E559281928E2EFFA006ADC72 /* Debug */,
				E559281A28E2EFFA006ADC72 /* Release */,
			);
			defaultConfigurationIsVisible = 0;
			defaultConfigurationName = Release;
		};
/* End XCConfigurationList section */
	};
	rootObject = E55927FC28E2EFF9006ADC72 /* Project object */;
}
